
Microsoft Visual Studio Solution File, Format Version 12.00
# Visual Studio 2012
Project("{FAE04EC0-301F-11D3-BF4B-00C04F79EFBC}") = "01 School", "01 School\01 School.csproj", "{8B095CC8-EA4A-43E6-9D49-4A9B8EC8A188}"
EndProject
Project("{FAE04EC0-301F-11D3-BF4B-00C04F79EFBC}") = "02 Workers And Students", "02 Workers And Students\02 Workers And Students.csproj", "{59D217F4-B9D0-4D05-B9F4-559FA9972AD2}"
EndProject
Project("{FAE04EC0-301F-11D3-BF4B-00C04F79EFBC}") = "03 Animals", "Animals\03 Animals.csproj", "{C2FCDDEF-3155-4154-9036-7C10D84502E0}"
EndProject
Global
	GlobalSection(SolutionConfigurationPlatforms) = preSolution
		Debug|Any CPU = Debug|Any CPU
		Release|Any CPU = Release|Any CPU
	EndGlobalSection
	GlobalSection(ProjectConfigurationPlatforms) = postSolution
		{8B095CC8-EA4A-43E6-9D49-4A9B8EC8A188}.Debug|Any CPU.ActiveCfg = Debug|Any CPU
		{8B095CC8-EA4A-43E6-9D49-4A9B8EC8A188}.Debug|Any CPU.Build.0 = Debug|Any CPU
		{8B095CC8-EA4A-43E6-9D49-4A9B8EC8A188}.Release|Any CPU.ActiveCfg = Release|Any CPU
		{8B095CC8-EA4A-43E6-9D49-4A9B8EC8A188}.Release|Any CPU.Build.0 = Release|Any CPU
		{59D217F4-B9D0-4D05-B9F4-559FA9972AD2}.Debug|Any CPU.ActiveCfg = Debug|Any CPU
		{59D217F4-B9D0-4D05-B9F4-559FA9972AD2}.Debug|Any CPU.Build.0 = Debug|Any CPU
		{59D217F4-B9D0-4D05-B9F4-559FA9972AD2}.Release|Any CPU.ActiveCfg = Release|Any CPU
		{59D217F4-B9D0-4D05-B9F4-559FA9972AD2}.Release|Any CPU.Build.0 = Release|Any CPU
		{C2FCDDEF-3155-4154-9036-7C10D84502E0}.Debug|Any CPU.ActiveCfg = Debug|Any CPU
		{C2FCDDEF-3155-4154-9036-7C10D84502E0}.Debug|Any CPU.Build.0 = Debug|Any CPU
		{C2FCDDEF-3155-4154-9036-7C10D84502E0}.Release|Any CPU.ActiveCfg = Release|Any CPU
		{C2FCDDEF-3155-4154-9036-7C10D84502E0}.Release|Any CPU.Build.0 = Release|Any CPU
	EndGlobalSection
	GlobalSection(SolutionProperties) = preSolution
		HideSolutionNode = FALSE
	EndGlobalSection
EndGlobal
