
Microsoft Visual Studio Solution File, Format Version 12.00
# Visual Studio 2012
Project("{FAE04EC0-301F-11D3-BF4B-00C04F79EFBC}") = "02 Extention Methods", "02 Extention Methods\02 Extention Methods.csproj", "{921B40CB-83F4-4981-8B28-407AD97CE048}"
EndProject
Project("{FAE04EC0-301F-11D3-BF4B-00C04F79EFBC}") = "01 Extention Substring", "01 Extention Substring\01 Extention Substring.csproj", "{918703BF-836B-4988-A3E7-89B1B1D0881A}"
EndProject
Project("{FAE04EC0-301F-11D3-BF4B-00C04F79EFBC}") = "03 Students Array Query", "03 Students Array Query\03 Students Array Query.csproj", "{6ACB2081-A0A2-4C58-AC02-F836029775C7}"
EndProject
Project("{FAE04EC0-301F-11D3-BF4B-00C04F79EFBC}") = "06 Devisible", "06 Devisible\06 Devisible.csproj", "{E4D23439-1E66-4B59-9FFA-C32526318780}"
EndProject
Project("{FAE04EC0-301F-11D3-BF4B-00C04F79EFBC}") = "07 Timer", "07 Timer\07 Timer.csproj", "{0A3EB9D9-8BDF-42D4-A779-EE40A1C7621A}"
EndProject
Global
	GlobalSection(SolutionConfigurationPlatforms) = preSolution
		Debug|Any CPU = Debug|Any CPU
		Release|Any CPU = Release|Any CPU
	EndGlobalSection
	GlobalSection(ProjectConfigurationPlatforms) = postSolution
		{921B40CB-83F4-4981-8B28-407AD97CE048}.Debug|Any CPU.ActiveCfg = Debug|Any CPU
		{921B40CB-83F4-4981-8B28-407AD97CE048}.Debug|Any CPU.Build.0 = Debug|Any CPU
		{921B40CB-83F4-4981-8B28-407AD97CE048}.Release|Any CPU.ActiveCfg = Release|Any CPU
		{921B40CB-83F4-4981-8B28-407AD97CE048}.Release|Any CPU.Build.0 = Release|Any CPU
		{918703BF-836B-4988-A3E7-89B1B1D0881A}.Debug|Any CPU.ActiveCfg = Debug|Any CPU
		{918703BF-836B-4988-A3E7-89B1B1D0881A}.Debug|Any CPU.Build.0 = Debug|Any CPU
		{918703BF-836B-4988-A3E7-89B1B1D0881A}.Release|Any CPU.ActiveCfg = Release|Any CPU
		{918703BF-836B-4988-A3E7-89B1B1D0881A}.Release|Any CPU.Build.0 = Release|Any CPU
		{6ACB2081-A0A2-4C58-AC02-F836029775C7}.Debug|Any CPU.ActiveCfg = Debug|Any CPU
		{6ACB2081-A0A2-4C58-AC02-F836029775C7}.Debug|Any CPU.Build.0 = Debug|Any CPU
		{6ACB2081-A0A2-4C58-AC02-F836029775C7}.Release|Any CPU.ActiveCfg = Release|Any CPU
		{6ACB2081-A0A2-4C58-AC02-F836029775C7}.Release|Any CPU.Build.0 = Release|Any CPU
		{E4D23439-1E66-4B59-9FFA-C32526318780}.Debug|Any CPU.ActiveCfg = Debug|Any CPU
		{E4D23439-1E66-4B59-9FFA-C32526318780}.Debug|Any CPU.Build.0 = Debug|Any CPU
		{E4D23439-1E66-4B59-9FFA-C32526318780}.Release|Any CPU.ActiveCfg = Release|Any CPU
		{E4D23439-1E66-4B59-9FFA-C32526318780}.Release|Any CPU.Build.0 = Release|Any CPU
		{0A3EB9D9-8BDF-42D4-A779-EE40A1C7621A}.Debug|Any CPU.ActiveCfg = Debug|Any CPU
		{0A3EB9D9-8BDF-42D4-A779-EE40A1C7621A}.Debug|Any CPU.Build.0 = Debug|Any CPU
		{0A3EB9D9-8BDF-42D4-A779-EE40A1C7621A}.Release|Any CPU.ActiveCfg = Release|Any CPU
		{0A3EB9D9-8BDF-42D4-A779-EE40A1C7621A}.Release|Any CPU.Build.0 = Release|Any CPU
	EndGlobalSection
	GlobalSection(SolutionProperties) = preSolution
		HideSolutionNode = FALSE
	EndGlobalSection
EndGlobal
